
Microsoft Visual Studio Solution File, Format Version 12.00
# Visual Studio 15
Project("{FAE04EC0-301F-11D3-BF4B-00C04F79EFBC}") = "Web y Redes Sociales Junio", "Web y Redes Sociales Junio.csproj", "{38D01515-A67C-AFBC-1ED8-253073A90ECD}"
EndProject
Project("{FAE04EC0-301F-11D3-BF4B-00C04F79EFBC}") = "Web y Redes Sociales Junio.Editor", "Web y Redes Sociales Junio.Editor.csproj", "{E0DF4777-CD7B-7694-274D-EF1A46B6E874}"
EndProject
Global
	GlobalSection(SolutionConfigurationPlatforms) = preSolution
		Debug|Any CPU = Debug|Any CPU
		Release|Any CPU = Release|Any CPU
	EndGlobalSection
	GlobalSection(ProjectConfigurationPlatforms) = postSolution
		{38D01515-A67C-AFBC-1ED8-253073A90ECD}.Debug|Any CPU.ActiveCfg = Debug|Any CPU
		{38D01515-A67C-AFBC-1ED8-253073A90ECD}.Debug|Any CPU.Build.0 = Debug|Any CPU
		{38D01515-A67C-AFBC-1ED8-253073A90ECD}.Release|Any CPU.ActiveCfg = Release|Any CPU
		{38D01515-A67C-AFBC-1ED8-253073A90ECD}.Release|Any CPU.Build.0 = Release|Any CPU
		{E0DF4777-CD7B-7694-274D-EF1A46B6E874}.Debug|Any CPU.ActiveCfg = Debug|Any CPU
		{E0DF4777-CD7B-7694-274D-EF1A46B6E874}.Debug|Any CPU.Build.0 = Debug|Any CPU
		{E0DF4777-CD7B-7694-274D-EF1A46B6E874}.Release|Any CPU.ActiveCfg = Release|Any CPU
		{E0DF4777-CD7B-7694-274D-EF1A46B6E874}.Release|Any CPU.Build.0 = Release|Any CPU
	EndGlobalSection
	GlobalSection(SolutionProperties) = preSolution
		HideSolutionNode = FALSE
	EndGlobalSection
EndGlobal
